# This file is automatically @generated by Cargo.
# It is not intended for manual editing.
version = 3

[[package]]
name = "beef"
version = "0.5.2"
source = "registry+https://github.com/rust-lang/crates.io-index"
checksum = "3a8241f3ebb85c056b509d4327ad0358fbbba6ffb340bf388f26350aeda225b1"

[[package]]
name = "compiler"
version = "0.1.0"
dependencies = [
 "gc",
 "micro-nom",
 "reader",
 "thiserror",
 "unwrap-enum",
 "vm",
]

[[package]]
name = "either"
version = "1.10.0"
source = "registry+https://github.com/rust-lang/crates.io-index"
checksum = "11157ac094ffbdde99aa67b23417ebdd801842852b500e395a45a9c0aac03e4a"

[[package]]
name = "fnv"
version = "1.0.7"
source = "registry+https://github.com/rust-lang/crates.io-index"
checksum = "3f9eec918d3f24069decb9af1554cad7c880e2da24a9afd88aca000531ab82c1"

[[package]]
name = "gc"
version = "0.1.0"

[[package]]
name = "itertools"
version = "0.10.5"
source = "registry+https://github.com/rust-lang/crates.io-index"
checksum = "b0fd2260e829bddf4cb6ea802289de2f86d6a7a690192fbe91b3f46e0f2c8473"
dependencies = [
 "either",
]

[[package]]
name = "lazy_static"
version = "1.5.0"
source = "registry+https://github.com/rust-lang/crates.io-index"
checksum = "bbd2bcb4c963f2ddae06a2efc7e9f3591312473c50c6685e1f298068316e66fe"

[[package]]
name = "lisp"
version = "0.0.1"
dependencies = [
 "compiler",
 "gc",
 "native-functions",
 "reader",
 "value",
 "vm",
]

[[package]]
name = "logos"
version = "0.14.0"
source = "registry+https://github.com/rust-lang/crates.io-index"
checksum = "161971eb88a0da7ae0c333e1063467c5b5727e7fb6b710b8db4814eade3a42e8"
dependencies = [
 "logos-derive",
]

[[package]]
name = "logos-codegen"
version = "0.14.0"
source = "registry+https://github.com/rust-lang/crates.io-index"
checksum = "8e31badd9de5131fdf4921f6473d457e3dd85b11b7f091ceb50e4df7c3eeb12a"
dependencies = [
 "beef",
 "fnv",
 "lazy_static",
 "proc-macro2",
 "quote",
 "regex-syntax",
 "syn",
]

[[package]]
name = "logos-derive"
version = "0.14.0"
source = "registry+https://github.com/rust-lang/crates.io-index"
checksum = "1c2a69b3eb68d5bd595107c9ee58d7e07fe2bb5e360cc85b0f084dedac80de0a"
dependencies = [
 "logos-codegen",
]

[[package]]
name = "micro-nom"
version = "0.1.0"

[[package]]
name = "native-functions"
version = "0.1.0"
dependencies = [
 "gc",
 "vm",
]

[[package]]
name = "proc-macro2"
version = "1.0.79"
source = "registry+https://github.com/rust-lang/crates.io-index"
checksum = "e835ff2298f5721608eb1a980ecaee1aef2c132bf95ecc026a11b7bf3c01c02e"
dependencies = [
 "unicode-ident",
]

[[package]]
name = "quasiquote"
version = "0.1.1"
source = "registry+https://github.com/rust-lang/crates.io-index"
checksum = "9d7f3e24436387bc9ee9963246739f2a851d9ca85ed73a2c5b878bf908e9b34d"
dependencies = [
 "proc-macro2",
 "quasiquote-proc-macro",
 "quote",
]

[[package]]
name = "quasiquote-proc-macro"
version = "0.1.0"
source = "registry+https://github.com/rust-lang/crates.io-index"
checksum = "79bc0a2b2a185610156579070227676cf31d6282045d01273bbfc65804df6022"
dependencies = [
 "itertools",
 "proc-macro2",
 "quote",
]

[[package]]
name = "quote"
version = "1.0.35"
source = "registry+https://github.com/rust-lang/crates.io-index"
checksum = "291ec9ab5efd934aaf503a6466c5d5251535d108ee747472c3977cc5acc868ef"
dependencies = [
 "proc-macro2",
]

[[package]]
name = "reader"
version = "0.1.0"
dependencies = [
 "logos",
 "thiserror",
 "unwrap-enum",
 "value",
]

[[package]]
name = "regex-syntax"
version = "0.8.4"
source = "registry+https://github.com/rust-lang/crates.io-index"
checksum = "7a66a03ae7c801facd77a29370b4faec201768915ac14a721ba36f20bc9c209b"

[[package]]
name = "syn"
version = "2.0.53"
source = "registry+https://github.com/rust-lang/crates.io-index"
checksum = "7383cd0e49fff4b6b90ca5670bfd3e9d6a733b3f90c686605aa7eec8c4996032"
dependencies = [
 "proc-macro2",
 "quote",
 "unicode-ident",
]

[[package]]
name = "thiserror"
version = "1.0.61"
source = "registry+https://github.com/rust-lang/crates.io-index"
checksum = "c546c80d6be4bc6a00c0f01730c08df82eaa7a7a61f11d656526506112cc1709"
dependencies = [
 "thiserror-impl",
]

[[package]]
name = "thiserror-impl"
version = "1.0.61"
source = "registry+https://github.com/rust-lang/crates.io-index"
checksum = "46c3384250002a6d5af4d114f2845d37b57521033f30d5c3f46c4d70e1197533"
dependencies = [
 "proc-macro2",
 "quote",
 "syn",
]

[[package]]
name = "unicode-ident"
version = "1.0.12"
source = "registry+https://github.com/rust-lang/crates.io-index"
checksum = "3354b9ac3fae1ff6755cb6db53683adb661634f67557942dea4facebec0fee4b"

[[package]]
name = "unwrap-enum"
version = "0.1.0"
source = "registry+https://github.com/rust-lang/crates.io-index"
checksum = "f8161548e56cec5b635552524711010ce2eefbe0aed221b05e7fcd80f4d0a20c"
dependencies = [
 "unwrap-enum-proc-macro",
]

[[package]]
name = "unwrap-enum-proc-macro"
version = "0.1.0"
source = "registry+https://github.com/rust-lang/crates.io-index"
checksum = "9309938e63f1a5cff15f2e4c5d426e1fed0354d3e66800942b3e1e4083984d39"
dependencies = [
 "proc-macro2",
 "quasiquote",
 "quote",
 "syn",
]

[[package]]
name = "value"
version = "0.1.0"
dependencies = [
 "unwrap-enum",
]

[[package]]
name = "vm"
version = "0.1.0"
dependencies = [
 "gc",
 "thiserror",
 "unwrap-enum",
 "value",
]
